// !$*UTF8*$!
{
	archiveVersion = 1;
	classes = {
	};
	objectVersion = 46;
	objects = {

/* Begin PBXBuildFile section */
		8169E17E1F3EE534006EF1FF /* AppDelegate.swift in Sources */ = {isa = PBXBuildFile; fileRef = 8169E17D1F3EE534006EF1FF /* AppDelegate.swift */; };
		8169E1801F3EE534006EF1FF /* ViewController.swift in Sources */ = {isa = PBXBuildFile; fileRef = 8169E17F1F3EE534006EF1FF /* ViewController.swift */; };
		8169E1831F3EE534006EF1FF /* Main.storyboard in Resources */ = {isa = PBXBuildFile; fileRef = 8169E1811F3EE534006EF1FF /* Main.storyboard */; };
		8169E1851F3EE534006EF1FF /* Assets.xcassets in Resources */ = {isa = PBXBuildFile; fileRef = 8169E1841F3EE534006EF1FF /* Assets.xcassets */; };
		8169E1881F3EE534006EF1FF /* LaunchScreen.storyboard in Resources */ = {isa = PBXBuildFile; fileRef = 8169E1861F3EE534006EF1FF /* LaunchScreen.storyboard */; };
		8169E1A11F3EEC8E006EF1FF /* BPPopCardTransition.framework in Frameworks */ = {isa = PBXBuildFile; fileRef = 8169E1931F3EE7C5006EF1FF /* BPPopCardTransition.framework */; };
		8169E1A21F3EEC8E006EF1FF /* BPPopCardTransition.framework in Embed Frameworks */ = {isa = PBXBuildFile; fileRef = 8169E1931F3EE7C5006EF1FF /* BPPopCardTransition.framework */; settings = {ATTRIBUTES = (CodeSignOnCopy, RemoveHeadersOnCopy, ); }; };
		8169E1AF1F3FE8D2006EF1FF /* PopCardViewController.swift in Sources */ = {isa = PBXBuildFile; fileRef = 8169E1AE1F3FE8D2006EF1FF /* PopCardViewController.swift */; };
		8169E1B11F40016B006EF1FF /* ImageCollectionViewCell.swift in Sources */ = {isa = PBXBuildFile; fileRef = 8169E1B01F40016B006EF1FF /* ImageCollectionViewCell.swift */; };
/* End PBXBuildFile section */

/* Begin PBXCopyFilesBuildPhase section */
		8169E1A31F3EEC8E006EF1FF /* Embed Frameworks */ = {
			isa = PBXCopyFilesBuildPhase;
			buildActionMask = 2147483647;
			dstPath = "";
			dstSubfolderSpec = 10;
			files = (
				8169E1A21F3EEC8E006EF1FF /* BPPopCardTransition.framework in Embed Frameworks */,
			);
			name = "Embed Frameworks";
			runOnlyForDeploymentPostprocessing = 0;
		};
/* End PBXCopyFilesBuildPhase section */

/* Begin PBXFileReference section */
		8169E17A1F3EE534006EF1FF /* Example.app */ = {isa = PBXFileReference; explicitFileType = wrapper.application; includeInIndex = 0; path = Example.app; sourceTree = BUILT_PRODUCTS_DIR; };
		8169E17D1F3EE534006EF1FF /* AppDelegate.swift */ = {isa = PBXFileReference; lastKnownFileType = sourcecode.swift; path = AppDelegate.swift; sourceTree = "<group>"; };
		8169E17F1F3EE534006EF1FF /* ViewController.swift */ = {isa = PBXFileReference; lastKnownFileType = sourcecode.swift; path = ViewController.swift; sourceTree = "<group>"; };
		8169E1821F3EE534006EF1FF /* Base */ = {isa = PBXFileReference; lastKnownFileType = file.storyboard; name = Base; path = Base.lproj/Main.storyboard; sourceTree = "<group>"; };
		8169E1841F3EE534006EF1FF /* Assets.xcassets */ = {isa = PBXFileReference; lastKnownFileType = folder.assetcatalog; path = Assets.xcassets; sourceTree = "<group>"; };
		8169E1871F3EE534006EF1FF /* Base */ = {isa = PBXFileReference; lastKnownFileType = file.storyboard; name = Base; path = Base.lproj/LaunchScreen.storyboard; sourceTree = "<group>"; };
		8169E1891F3EE534006EF1FF /* Info.plist */ = {isa = PBXFileReference; lastKnownFileType = text.plist.xml; path = Info.plist; sourceTree = "<group>"; };
		8169E1931F3EE7C5006EF1FF /* BPPopCardTransition.framework */ = {isa = PBXFileReference; explicitFileType = wrapper.framework; path = BPPopCardTransition.framework; sourceTree = BUILT_PRODUCTS_DIR; };
		8169E1AE1F3FE8D2006EF1FF /* PopCardViewController.swift */ = {isa = PBXFileReference; fileEncoding = 4; lastKnownFileType = sourcecode.swift; path = PopCardViewController.swift; sourceTree = "<group>"; };
		8169E1B01F40016B006EF1FF /* ImageCollectionViewCell.swift */ = {isa = PBXFileReference; fileEncoding = 4; lastKnownFileType = sourcecode.swift; path = ImageCollectionViewCell.swift; sourceTree = "<group>"; };
/* End PBXFileReference section */

/* Begin PBXFrameworksBuildPhase section */
		8169E1771F3EE534006EF1FF /* Frameworks */ = {
			isa = PBXFrameworksBuildPhase;
			buildActionMask = 2147483647;
			files = (
				8169E1A11F3EEC8E006EF1FF /* BPPopCardTransition.framework in Frameworks */,
			);
			runOnlyForDeploymentPostprocessing = 0;
		};
/* End PBXFrameworksBuildPhase section */

/* Begin PBXGroup section */
		8169E1711F3EE534006EF1FF = {
			isa = PBXGroup;
			children = (
				8169E1931F3EE7C5006EF1FF /* BPPopCardTransition.framework */,
				8169E17C1F3EE534006EF1FF /* Example */,
				8169E17B1F3EE534006EF1FF /* Products */,
			);
			sourceTree = "<group>";
		};
		8169E17B1F3EE534006EF1FF /* Products */ = {
			isa = PBXGroup;
			children = (
				8169E17A1F3EE534006EF1FF /* Example.app */,
			);
			name = Products;
			sourceTree = "<group>";
		};
		8169E17C1F3EE534006EF1FF /* Example */ = {
			isa = PBXGroup;
			children = (
				8169E17D1F3EE534006EF1FF /* AppDelegate.swift */,
				8169E17F1F3EE534006EF1FF /* ViewController.swift */,
				8169E1B01F40016B006EF1FF /* ImageCollectionViewCell.swift */,
				8169E1AE1F3FE8D2006EF1FF /* PopCardViewController.swift */,
				8169E1811F3EE534006EF1FF /* Main.storyboard */,
				8169E1841F3EE534006EF1FF /* Assets.xcassets */,
				8169E1861F3EE534006EF1FF /* LaunchScreen.storyboard */,
				8169E1891F3EE534006EF1FF /* Info.plist */,
			);
			path = Example;
			sourceTree = "<group>";
		};
/* End PBXGroup section */

/* Begin PBXNativeTarget section */
		8169E1791F3EE534006EF1FF /* Example */ = {
			isa = PBXNativeTarget;
			buildConfigurationList = 8169E18C1F3EE534006EF1FF /* Build configuration list for PBXNativeTarget "Example" */;
			buildPhases = (
				8169E1761F3EE534006EF1FF /* Sources */,
				8169E1771F3EE534006EF1FF /* Frameworks */,
				8169E1781F3EE534006EF1FF /* Resources */,
				8169E1A31F3EEC8E006EF1FF /* Embed Frameworks */,
			);
			buildRules = (
			);
			dependencies = (
			);
			name = Example;
			productName = Example;
			productReference = 8169E17A1F3EE534006EF1FF /* Example.app */;
			productType = "com.apple.product-type.application";
		};
/* End PBXNativeTarget section */

/* Begin PBXProject section */
		8169E1721F3EE534006EF1FF /* Project object */ = {
			isa = PBXProject;
			attributes = {
				LastSwiftUpdateCheck = 0830;
				LastUpgradeCheck = 0830;
				ORGANIZATIONNAME = bluepi0j;
				TargetAttributes = {
					8169E1791F3EE534006EF1FF = {
						CreatedOnToolsVersion = 8.3.3;
						DevelopmentTeam = 32U94E3J5B;
						ProvisioningStyle = Automatic;
					};
				};
			};
			buildConfigurationList = 8169E1751F3EE534006EF1FF /* Build configuration list for PBXProject "Example" */;
			compatibilityVersion = "Xcode 3.2";
			developmentRegion = English;
			hasScannedForEncodings = 0;
			knownRegions = (
				en,
				Base,
			);
			mainGroup = 8169E1711F3EE534006EF1FF;
			productRefGroup = 8169E17B1F3EE534006EF1FF /* Products */;
			projectDirPath = "";
			projectRoot = "";
			targets = (
				8169E1791F3EE534006EF1FF /* Example */,
			);
		};
/* End PBXProject section */

/* Begin PBXResourcesBuildPhase section */
		8169E1781F3EE534006EF1FF /* Resources */ = {
			isa = PBXResourcesBuildPhase;
			buildActionMask = 2147483647;
			files = (
				8169E1881F3EE534006EF1FF /* LaunchScreen.storyboard in Resources */,
				8169E1851F3EE534006EF1FF /* Assets.xcassets in Resources */,
				8169E1831F3EE534006EF1FF /* Main.storyboard in Resources */,
			);
			runOnlyForDeploymentPostprocessing = 0;
		};
/* End PBXResourcesBuildPhase section */

/* Begin PBXSourcesBuildPhase section */
		8169E1761F3EE534006EF1FF /* Sources */ = {
			isa = PBXSourcesBuildPhase;
			buildActionMask = 2147483647;
			files = (
				8169E1801F3EE534006EF1FF /* ViewController.swift in Sources */,
				8169E17E1F3EE534006EF1FF /* AppDelegate.swift in Sources */,
				8169E1B11F40016B006EF1FF /* ImageCollectionViewCell.swift in Sources */,
				8169E1AF1F3FE8D2006EF1FF /* PopCardViewController.swift in Sources */,
			);
			runOnlyForDeploymentPostprocessing = 0;
		};
/* End PBXSourcesBuildPhase section */

/* Begin PBXVariantGroup section */
		8169E1811F3EE534006EF1FF /* Main.storyboard */ = {
			isa = PBXVariantGroup;
			children = (
				8169E1821F3EE534006EF1FF /* Base */,
			);
			name = Main.storyboard;
			sourceTree = "<group>";
		};
		8169E1861F3EE534006EF1FF /* LaunchScreen.storyboard */ = {
			isa = PBXVariantGroup;
			children = (
				8169E1871F3EE534006EF1FF /* Base */,
			);
			name = LaunchScreen.storyboard;
			sourceTree = "<group>";
		};
/* End PBXVariantGroup section */

/* Begin XCBuildConfiguration section */
		8169E18A1F3EE534006EF1FF /* Debug */ = {
			isa = XCBuildConfiguration;
			buildSettings = {
				ALWAYS_SEARCH_USER_PATHS = NO;
				CLANG_ANALYZER_NONNULL = YES;
				CLANG_ANALYZER_NUMBER_OBJECT_CONVERSION = YES_AGGRESSIVE;
				CLANG_CXX_LANGUAGE_STANDARD = "gnu++0x";
				CLANG_CXX_LIBRARY = "libc++";
				CLANG_ENABLE_MODULES = YES;
				CLANG_ENABLE_OBJC_ARC = YES;
				CLANG_WARN_BOOL_CONVERSION = YES;
				CLANG_WARN_CONSTANT_CONVERSION = YES;
				CLANG_WARN_DIRECT_OBJC_ISA_USAGE = YES_ERROR;
				CLANG_WARN_DOCUMENTATION_COMMENTS = YES;
				CLANG_WARN_EMPTY_BODY = YES;
				CLANG_WARN_ENUM_CONVERSION = YES;
				CLANG_WARN_INFINITE_RECURSION = YES;
				CLANG_WARN_INT_CONVERSION = YES;
				CLANG_WARN_OBJC_ROOT_CLASS = YES_ERROR;
				CLANG_WARN_SUSPICIOUS_MOVE = YES;
				CLANG_WARN_UNREACHABLE_CODE = YES;
				CLANG_WARN__DUPLICATE_METHOD_MATCH = YES;
				"CODE_SIGN_IDENTITY[sdk=iphoneos*]" = "iPhone Developer";
				COPY_PHASE_STRIP = NO;
				DEBUG_INFORMATION_FORMAT = dwarf;
				ENABLE_STRICT_OBJC_MSGSEND = YES;
				ENABLE_TESTABILITY = YES;
				GCC_C_LANGUAGE_STANDARD = gnu99;
				GCC_DYNAMIC_NO_PIC = NO;
				GCC_NO_COMMON_BLOCKS = YES;
				GCC_OPTIMIZATION_LEVEL = 0;
				GCC_PREPROCESSOR_DEFINITIONS = (
					"DEBUG=1",
					"$(inherited)",
				);
				GCC_WARN_64_TO_32_BIT_CONVERSION = YES;
				GCC_WARN_ABOUT_RETURN_TYPE = YES_ERROR;
				GCC_WARN_UNDECLARED_SELECTOR = YES;
				GCC_WARN_UNINITIALIZED_AUTOS = YES_AGGRESSIVE;
				GCC_WARN_UNUSED_FUNCTION = YES;
				GCC_WARN_UNUSED_VARIABLE = YES;
				IPHONEOS_DEPLOYMENT_TARGET = 10.3;
				MTL_ENABLE_DEBUG_INFO = YES;
				ONLY_ACTIVE_ARCH = YES;
				SDKROOT = iphoneos;
				SWIFT_ACTIVE_COMPILATION_CONDITIONS = DEBUG;
				SWIFT_OPTIMIZATION_LEVEL = "-Onone";
				TARGETED_DEVICE_FAMILY = "1,2";
			};
			name = Debug;
		};
		8169E18B1F3EE534006EF1FF /* Release */ = {
			isa = XCBuildConfiguration;
			buildSettings = {
				ALWAYS_SEARCH_USER_PATHS = NO;
				CLANG_ANALYZER_NONNULL = YES;
				CLANG_ANALYZER_NUMBER_OBJECT_CONVERSION = YES_AGGRESSIVE;
				CLANG_CXX_LANGUAGE_STANDARD = "gnu++0x";
				CLANG_CXX_LIBRARY = "libc++";
				CLANG_ENABLE_MODULES = YES;
				CLANG_ENABLE_OBJC_ARC = YES;
				CLANG_WARN_BOOL_CONVERSION = YES;
				CLANG_WARN_CONSTANT_CONVERSION = YES;
				CLANG_WARN_DIRECT_OBJC_ISA_USAGE = YES_ERROR;
				CLANG_WARN_DOCUMENTATION_COMMENTS = YES;
				CLANG_WARN_EMPTY_BODY = YES;
				CLANG_WARN_ENUM_CONVERSION = YES;
				CLANG_WARN_INFINITE_RECURSION = YES;
				CLANG_WARN_INT_CONVERSION = YES;
				CLANG_WARN_OBJC_ROOT_CLASS = YES_ERROR;
				CLANG_WARN_SUSPICIOUS_MOVE = YES;
				CLANG_WARN_UNREACHABLE_CODE = YES;
				CLANG_WARN__DUPLICATE_METHOD_MATCH = YES;
				"CODE_SIGN_IDENTITY[sdk=iphoneos*]" = "iPhone Developer";
				COPY_PHASE_STRIP = NO;
				DEBUG_INFORMATION_FORMAT = "dwarf-with-dsym";
				ENABLE_NS_ASSERTIONS = NO;
				ENABLE_STRICT_OBJC_MSGSEND = YES;
				GCC_C_LANGUAGE_STANDARD = gnu99;
				GCC_NO_COMMON_BLOCKS = YES;
				GCC_WARN_64_TO_32_BIT_CONVERSION = YES;
				GCC_WARN_ABOUT_RETURN_TYPE = YES_ERROR;
				GCC_WARN_UNDECLARED_SELECTOR = YES;
				GCC_WARN_UNINITIALIZED_AUTOS = YES_AGGRESSIVE;
				GCC_WARN_UNUSED_FUNCTION = YES;
				GCC_WARN_UNUSED_VARIABLE = YES;
				IPHONEOS_DEPLOYMENT_TARGET = 10.3;
				MTL_ENABLE_DEBUG_INFO = NO;
				SDKROOT = iphoneos;
				SWIFT_OPTIMIZATION_LEVEL = "-Owholemodule";
				TARGETED_DEVICE_FAMILY = "1,2";
				VALIDATE_PRODUCT = YES;
			};
			name = Release;
		};
		8169E18D1F3EE534006EF1FF /* Debug */ = {
			isa = XCBuildConfiguration;
			buildSettings = {
				ASSETCATALOG_COMPILER_APPICON_NAME = AppIcon;
				DEVELOPMENT_TEAM = 32U94E3J5B;
				FRAMEWORK_SEARCH_PATHS = (
					"$(inherited)",
					"$(PROJECT_DIR)",
				);
				INFOPLIST_FILE = Example/Info.plist;
				LD_RUNPATH_SEARCH_PATHS = "$(inherited) @executable_path/Frameworks";
				PRODUCT_BUNDLE_IDENTIFIER = com.bluepi0j.Example;
				PRODUCT_NAME = "$(TARGET_NAME)";
				SWIFT_VERSION = 3.0;
			};
			name = Debug;
		};
		8169E18E1F3EE534006EF1FF /* Release */ = {
			isa = XCBuildConfiguration;
			buildSettings = {
				ASSETCATALOG_COMPILER_APPICON_NAME = AppIcon;
				DEVELOPMENT_TEAM = 32U94E3J5B;
				FRAMEWORK_SEARCH_PATHS = (
					"$(inherited)",
					"$(PROJECT_DIR)",
				);
				INFOPLIST_FILE = Example/Info.plist;
				LD_RUNPATH_SEARCH_PATHS = "$(inherited) @executable_path/Frameworks";
				PRODUCT_BUNDLE_IDENTIFIER = com.bluepi0j.Example;
				PRODUCT_NAME = "$(TARGET_NAME)";
				SWIFT_VERSION = 3.0;
			};
			name = Release;
		};
/* End XCBuildConfiguration section */

/* Begin XCConfigurationList section */
		8169E1751F3EE534006EF1FF /* Build configuration list for PBXProject "Example" */ = {
			isa = XCConfigurationList;
			buildConfigurations = (
				8169E18A1F3EE534006EF1FF /* Debug */,
				8169E18B1F3EE534006EF1FF /* Release */,
			);
			defaultConfigurationIsVisible = 0;
			defaultConfigurationName = Release;
		};
		8169E18C1F3EE534006EF1FF /* Build configuration list for PBXNativeTarget "Example" */ = {
			isa = XCConfigurationList;
			buildConfigurations = (
				8169E18D1F3EE534006EF1FF /* Debug */,
				8169E18E1F3EE534006EF1FF /* Release */,
			);
			defaultConfigurationIsVisible = 0;
			defaultConfigurationName = Release;
		};
/* End XCConfigurationList section */
	};
	rootObject = 8169E1721F3EE534006EF1FF /* Project object */;
}
